// !$*UTF8*$!
{
	archiveVersion = 1;
	classes = {
	};
	objectVersion = 50;
	objects = {

/* Begin PBXBuildFile section */
		EBCB458024909B0500DC967C /* AppDelegate.swift in Sources */ = {isa = PBXBuildFile; fileRef = EBCB457F24909B0500DC967C /* AppDelegate.swift */; };
		EBCB458224909B0500DC967C /* SceneDelegate.swift in Sources */ = {isa = PBXBuildFile; fileRef = EBCB458124909B0500DC967C /* SceneDelegate.swift */; };
		EBCB458424909B0500DC967C /* ViewController.swift in Sources */ = {isa = PBXBuildFile; fileRef = EBCB458324909B0500DC967C /* ViewController.swift */; };
		EBCB458724909B0500DC967C /* Main.storyboard in Resources */ = {isa = PBXBuildFile; fileRef = EBCB458524909B0500DC967C /* Main.storyboard */; };
		EBCB458924909B0E00DC967C /* Assets.xcassets in Resources */ = {isa = PBXBuildFile; fileRef = EBCB458824909B0E00DC967C /* Assets.xcassets */; };
		EBCB458C24909B0E00DC967C /* LaunchScreen.storyboard in Resources */ = {isa = PBXBuildFile; fileRef = EBCB458A24909B0E00DC967C /* LaunchScreen.storyboard */; };
		EBCB45952490B06200DC967C /* QuartzCore.framework in Frameworks */ = {isa = PBXBuildFile; fileRef = EBCB45942490B06200DC967C /* QuartzCore.framework */; };
/* End PBXBuildFile section */

/* Begin PBXFileReference section */
		EBCB457C24909B0500DC967C /* Calciator.app */ = {isa = PBXFileReference; explicitFileType = wrapper.application; includeInIndex = 0; path = Calciator.app; sourceTree = BUILT_PRODUCTS_DIR; };
		EBCB457F24909B0500DC967C /* AppDelegate.swift */ = {isa = PBXFileReference; lastKnownFileType = sourcecode.swift; path = AppDelegate.swift; sourceTree = "<group>"; };
		EBCB458124909B0500DC967C /* SceneDelegate.swift */ = {isa = PBXFileReference; lastKnownFileType = sourcecode.swift; path = SceneDelegate.swift; sourceTree = "<group>"; };
		EBCB458324909B0500DC967C /* ViewController.swift */ = {isa = PBXFileReference; lastKnownFileType = sourcecode.swift; path = ViewController.swift; sourceTree = "<group>"; };
		EBCB458624909B0500DC967C /* Base */ = {isa = PBXFileReference; lastKnownFileType = file.storyboard; name = Base; path = Base.lproj/Main.storyboard; sourceTree = "<group>"; };
		EBCB458824909B0E00DC967C /* Assets.xcassets */ = {isa = PBXFileReference; lastKnownFileType = folder.assetcatalog; path = Assets.xcassets; sourceTree = "<group>"; };
		EBCB458B24909B0E00DC967C /* Base */ = {isa = PBXFileReference; lastKnownFileType = file.storyboard; name = Base; path = Base.lproj/LaunchScreen.storyboard; sourceTree = "<group>"; };
		EBCB458D24909B0E00DC967C /* Info.plist */ = {isa = PBXFileReference; lastKnownFileType = text.plist.xml; path = Info.plist; sourceTree = "<group>"; };
		EBCB45942490B06200DC967C /* QuartzCore.framework */ = {isa = PBXFileReference; lastKnownFileType = wrapper.framework; name = QuartzCore.framework; path = System/Library/Frameworks/QuartzCore.framework; sourceTree = SDKROOT; };
/* End PBXFileReference section */

/* Begin PBXFrameworksBuildPhase section */
		EBCB457924909B0500DC967C /* Frameworks */ = {
			isa = PBXFrameworksBuildPhase;
			buildActionMask = 2147483647;
			files = (
				EBCB45952490B06200DC967C /* QuartzCore.framework in Frameworks */,
			);
			runOnlyForDeploymentPostprocessing = 0;
		};
/* End PBXFrameworksBuildPhase section */

/* Begin PBXGroup section */
		EBCB457324909B0500DC967C = {
			isa = PBXGroup;
			children = (
				EBCB457E24909B0500DC967C /* Calciator */,
				EBCB457D24909B0500DC967C /* Products */,
				EBCB45932490B06200DC967C /* Frameworks */,
			);
			sourceTree = "<group>";
		};
		EBCB457D24909B0500DC967C /* Products */ = {
			isa = PBXGroup;
			children = (
				EBCB457C24909B0500DC967C /* Calciator.app */,
			);
			name = Products;
			sourceTree = "<group>";
		};
		EBCB457E24909B0500DC967C /* Calciator */ = {
			isa = PBXGroup;
			children = (
				EBCB457F24909B0500DC967C /* AppDelegate.swift */,
				EBCB458124909B0500DC967C /* SceneDelegate.swift */,
				EBCB458324909B0500DC967C /* ViewController.swift */,
				EBCB458524909B0500DC967C /* Main.storyboard */,
				EBCB458824909B0E00DC967C /* Assets.xcassets */,
				EBCB458A24909B0E00DC967C /* LaunchScreen.storyboard */,
				EBCB458D24909B0E00DC967C /* Info.plist */,
			);
			path = Calciator;
			sourceTree = "<group>";
		};
		EBCB45932490B06200DC967C /* Frameworks */ = {
			isa = PBXGroup;
			children = (
				EBCB45942490B06200DC967C /* QuartzCore.framework */,
			);
			name = Frameworks;
			sourceTree = "<group>";
		};
/* End PBXGroup section */

/* Begin PBXNativeTarget section */
		EBCB457B24909B0500DC967C /* Calciator */ = {
			isa = PBXNativeTarget;
			buildConfigurationList = EBCB459024909B0E00DC967C /* Build configuration list for PBXNativeTarget "Calciator" */;
			buildPhases = (
				EBCB457824909B0500DC967C /* Sources */,
				EBCB457924909B0500DC967C /* Frameworks */,
				EBCB457A24909B0500DC967C /* Resources */,
			);
			buildRules = (
			);
			dependencies = (
			);
			name = Calciator;
			productName = Calciator;
			productReference = EBCB457C24909B0500DC967C /* Calciator.app */;
			productType = "com.apple.product-type.application";
		};
/* End PBXNativeTarget section */

/* Begin PBXProject section */
		EBCB457424909B0500DC967C /* Project object */ = {
			isa = PBXProject;
			attributes = {
				LastSwiftUpdateCheck = 1150;
				LastUpgradeCheck = 1150;
				ORGANIZATIONNAME = Owner;
				TargetAttributes = {
					EBCB457B24909B0500DC967C = {
						CreatedOnToolsVersion = 11.5;
					};
				};
			};
			buildConfigurationList = EBCB457724909B0500DC967C /* Build configuration list for PBXProject "Calciator" */;
			compatibilityVersion = "Xcode 9.3";
			developmentRegion = en;
			hasScannedForEncodings = 0;
			knownRegions = (
				en,
				Base,
			);
			mainGroup = EBCB457324909B0500DC967C;
			productRefGroup = EBCB457D24909B0500DC967C /* Products */;
			projectDirPath = "";
			projectRoot = "";
			targets = (
				EBCB457B24909B0500DC967C /* Calciator */,
			);
		};
/* End PBXProject section */

/* Begin PBXResourcesBuildPhase section */
		EBCB457A24909B0500DC967C /* Resources */ = {
			isa = PBXResourcesBuildPhase;
			buildActionMask = 2147483647;
			files = (
				EBCB458C24909B0E00DC967C /* LaunchScreen.storyboard in Resources */,
				EBCB458924909B0E00DC967C /* Assets.xcassets in Resources */,
				EBCB458724909B0500DC967C /* Main.storyboard in Resources */,
			);
			runOnlyForDeploymentPostprocessing = 0;
		};
/* End PBXResourcesBuildPhase section */

/* Begin PBXSourcesBuildPhase section */
		EBCB457824909B0500DC967C /* Sources */ = {
			isa = PBXSourcesBuildPhase;
			buildActionMask = 2147483647;
			files = (
				EBCB458424909B0500DC967C /* ViewController.swift in Sources */,
				EBCB458024909B0500DC967C /* AppDelegate.swift in Sources */,
				EBCB458224909B0500DC967C /* SceneDelegate.swift in Sources */,
			);
			runOnlyForDeploymentPostprocessing = 0;
		};
/* End PBXSourcesBuildPhase section */

/* Begin PBXVariantGroup section */
		EBCB458524909B0500DC967C /* Main.storyboard */ = {
			isa = PBXVariantGroup;
			children = (
				EBCB458624909B0500DC967C /* Base */,
			);
			name = Main.storyboard;
			sourceTree = "<group>";
		};
		EBCB458A24909B0E00DC967C /* LaunchScreen.storyboard */ = {
			isa = PBXVariantGroup;
			children = (
				EBCB458B24909B0E00DC967C /* Base */,
			);
			name = LaunchScreen.storyboard;
			sourceTree = "<group>";
		};
/* End PBXVariantGroup section */

/* Begin XCBuildConfiguration section */
		EBCB458E24909B0E00DC967C /* Debug */ = {
			isa = XCBuildConfiguration;
			buildSettings = {
				ALWAYS_SEARCH_USER_PATHS = NO;
				CLANG_ANALYZER_NONNULL = YES;
				CLANG_ANALYZER_NUMBER_OBJECT_CONVERSION = YES_AGGRESSIVE;
				CLANG_CXX_LANGUAGE_STANDARD = "gnu++14";
				CLANG_CXX_LIBRARY = "libc++";
				CLANG_ENABLE_MODULES = YES;
				CLANG_ENABLE_OBJC_ARC = YES;
				CLANG_ENABLE_OBJC_WEAK = YES;
				CLANG_WARN_BLOCK_CAPTURE_AUTORELEASING = YES;
				CLANG_WARN_BOOL_CONVERSION = YES;
				CLANG_WARN_COMMA = YES;
				CLANG_WARN_CONSTANT_CONVERSION = YES;
				CLANG_WARN_DEPRECATED_OBJC_IMPLEMENTATIONS = YES;
				CLANG_WARN_DIRECT_OBJC_ISA_USAGE = YES_ERROR;
				CLANG_WARN_DOCUMENTATION_COMMENTS = YES;
				CLANG_WARN_EMPTY_BODY = YES;
				CLANG_WARN_ENUM_CONVERSION = YES;
				CLANG_WARN_INFINITE_RECURSION = YES;
				CLANG_WARN_INT_CONVERSION = YES;
				CLANG_WARN_NON_LITERAL_NULL_CONVERSION = YES;
				CLANG_WARN_OBJC_IMPLICIT_RETAIN_SELF = YES;
				CLANG_WARN_OBJC_LITERAL_CONVERSION = YES;
				CLANG_WARN_OBJC_ROOT_CLASS = YES_ERROR;
				CLANG_WARN_RANGE_LOOP_ANALYSIS = YES;
				CLANG_WARN_STRICT_PROTOTYPES = YES;
				CLANG_WARN_SUSPICIOUS_MOVE = YES;
				CLANG_WARN_UNGUARDED_AVAILABILITY = YES_AGGRESSIVE;
				CLANG_WARN_UNREACHABLE_CODE = YES;
				CLANG_WARN__DUPLICATE_METHOD_MATCH = YES;
				COPY_PHASE_STRIP = NO;
				DEBUG_INFORMATION_FORMAT = dwarf;
				ENABLE_STRICT_OBJC_MSGSEND = YES;
				ENABLE_TESTABILITY = YES;
				GCC_C_LANGUAGE_STANDARD = gnu11;
				GCC_DYNAMIC_NO_PIC = NO;
				GCC_NO_COMMON_BLOCKS = YES;
				GCC_OPTIMIZATION_LEVEL = 0;
				GCC_PREPROCESSOR_DEFINITIONS = (
					"DEBUG=1",
					"$(inherited)",
				);
				GCC_WARN_64_TO_32_BIT_CONVERSION = YES;
				GCC_WARN_ABOUT_RETURN_TYPE = YES_ERROR;
				GCC_WARN_UNDECLARED_SELECTOR = YES;
				GCC_WARN_UNINITIALIZED_AUTOS = YES_AGGRESSIVE;
				GCC_WARN_UNUSED_FUNCTION = YES;
				GCC_WARN_UNUSED_VARIABLE = YES;
				IPHONEOS_DEPLOYMENT_TARGET = 13.5;
				MTL_ENABLE_DEBUG_INFO = INCLUDE_SOURCE;
				MTL_FAST_MATH = YES;
				ONLY_ACTIVE_ARCH = YES;
				SDKROOT = iphoneos;
				SWIFT_ACTIVE_COMPILATION_CONDITIONS = DEBUG;
				SWIFT_OPTIMIZATION_LEVEL = "-Onone";
			};
			name = Debug;
		};
		EBCB458F24909B0E00DC967C /* Release */ = {
			isa = XCBuildConfiguration;
			buildSettings = {
				ALWAYS_SEARCH_USER_PATHS = NO;
				CLANG_ANALYZER_NONNULL = YES;
				CLANG_ANALYZER_NUMBER_OBJECT_CONVERSION = YES_AGGRESSIVE;
				CLANG_CXX_LANGUAGE_STANDARD = "gnu++14";
				CLANG_CXX_LIBRARY = "libc++";
				CLANG_ENABLE_MODULES = YES;
				CLANG_ENABLE_OBJC_ARC = YES;
				CLANG_ENABLE_OBJC_WEAK = YES;
				CLANG_WARN_BLOCK_CAPTURE_AUTORELEASING = YES;
				CLANG_WARN_BOOL_CONVERSION = YES;
				CLANG_WARN_COMMA = YES;
				CLANG_WARN_CONSTANT_CONVERSION = YES;
				CLANG_WARN_DEPRECATED_OBJC_IMPLEMENTATIONS = YES;
				CLANG_WARN_DIRECT_OBJC_ISA_USAGE = YES_ERROR;
				CLANG_WARN_DOCUMENTATION_COMMENTS = YES;
				CLANG_WARN_EMPTY_BODY = YES;
				CLANG_WARN_ENUM_CONVERSION = YES;
				CLANG_WARN_INFINITE_RECURSION = YES;
				CLANG_WARN_INT_CONVERSION = YES;
				CLANG_WARN_NON_LITERAL_NULL_CONVERSION = YES;
				CLANG_WARN_OBJC_IMPLICIT_RETAIN_SELF = YES;
				CLANG_WARN_OBJC_LITERAL_CONVERSION = YES;
				CLANG_WARN_OBJC_ROOT_CLASS = YES_ERROR;
				CLANG_WARN_RANGE_LOOP_ANALYSIS = YES;
				CLANG_WARN_STRICT_PROTOTYPES = YES;
				CLANG_WARN_SUSPICIOUS_MOVE = YES;
				CLANG_WARN_UNGUARDED_AVAILABILITY = YES_AGGRESSIVE;
				CLANG_WARN_UNREACHABLE_CODE = YES;
				CLANG_WARN__DUPLICATE_METHOD_MATCH = YES;
				COPY_PHASE_STRIP = NO;
				DEBUG_INFORMATION_FORMAT = "dwarf-with-dsym";
				ENABLE_NS_ASSERTIONS = NO;
				ENABLE_STRICT_OBJC_MSGSEND = YES;
				GCC_C_LANGUAGE_STANDARD = gnu11;
				GCC_NO_COMMON_BLOCKS = YES;
				GCC_WARN_64_TO_32_BIT_CONVERSION = YES;
				GCC_WARN_ABOUT_RETURN_TYPE = YES_ERROR;
				GCC_WARN_UNDECLARED_SELECTOR = YES;
				GCC_WARN_UNINITIALIZED_AUTOS = YES_AGGRESSIVE;
				GCC_WARN_UNUSED_FUNCTION = YES;
				GCC_WARN_UNUSED_VARIABLE = YES;
				IPHONEOS_DEPLOYMENT_TARGET = 13.5;
				MTL_ENABLE_DEBUG_INFO = NO;
				MTL_FAST_MATH = YES;
				SDKROOT = iphoneos;
				SWIFT_COMPILATION_MODE = wholemodule;
				SWIFT_OPTIMIZATION_LEVEL = "-O";
				VALIDATE_PRODUCT = YES;
			};
			name = Release;
		};
		EBCB459124909B0E00DC967C /* Debug */ = {
			isa = XCBuildConfiguration;
			buildSettings = {
				ASSETCATALOG_COMPILER_APPICON_NAME = AppIcon;
				CODE_SIGN_STYLE = Automatic;
				INFOPLIST_FILE = Calciator/Info.plist;
				LD_RUNPATH_SEARCH_PATHS = (
					"$(inherited)",
					"@executable_path/Frameworks",
				);
				PRODUCT_BUNDLE_IDENTIFIER = "jp.co.al-j.Calciator";
				PRODUCT_NAME = "$(TARGET_NAME)";
				SWIFT_VERSION = 5.0;
				TARGETED_DEVICE_FAMILY = "1,2";
			};
			name = Debug;
		};
		EBCB459224909B0E00DC967C /* Release */ = {
			isa = XCBuildConfiguration;
			buildSettings = {
				ASSETCATALOG_COMPILER_APPICON_NAME = AppIcon;
				CODE_SIGN_STYLE = Automatic;
				INFOPLIST_FILE = Calciator/Info.plist;
				LD_RUNPATH_SEARCH_PATHS = (
					"$(inherited)",
					"@executable_path/Frameworks",
				);
				PRODUCT_BUNDLE_IDENTIFIER = "jp.co.al-j.Calciator";
				PRODUCT_NAME = "$(TARGET_NAME)";
				SWIFT_VERSION = 5.0;
				TARGETED_DEVICE_FAMILY = "1,2";
			};
			name = Release;
		};
/* End XCBuildConfiguration section */

/* Begin XCConfigurationList section */
		EBCB457724909B0500DC967C /* Build configuration list for PBXProject "Calciator" */ = {
			isa = XCConfigurationList;
			buildConfigurations = (
				EBCB458E24909B0E00DC967C /* Debug */,
				EBCB458F24909B0E00DC967C /* Release */,
			);
			defaultConfigurationIsVisible = 0;
			defaultConfigurationName = Release;
		};
		EBCB459024909B0E00DC967C /* Build configuration list for PBXNativeTarget "Calciator" */ = {
			isa = XCConfigurationList;
			buildConfigurations = (
				EBCB459124909B0E00DC967C /* Debug */,
				EBCB459224909B0E00DC967C /* Release */,
			);
			defaultConfigurationIsVisible = 0;
			defaultConfigurationName = Release;
		};
/* End XCConfigurationList section */
	};
	rootObject = EBCB457424909B0500DC967C /* Project object */;
}
