// !$*UTF8*$!
{
	archiveVersion = 1;
	classes = {
	};
	objectVersion = 51;
	objects = {

/* Begin PBXBuildFile section */
		A400F0EBE1ECBA9BC8750643 /* Pods_RSSReader.framework in Frameworks */ = {isa = PBXBuildFile; fileRef = 0C084AC73D46DCEF1CA62AAD /* Pods_RSSReader.framework */; };
		EB72577F248F1D7E00493C42 /* AppDelegate.swift in Sources */ = {isa = PBXBuildFile; fileRef = EB72577E248F1D7E00493C42 /* AppDelegate.swift */; };
		EB725781248F1D7E00493C42 /* SceneDelegate.swift in Sources */ = {isa = PBXBuildFile; fileRef = EB725780248F1D7E00493C42 /* SceneDelegate.swift */; };
		EB725783248F1D7E00493C42 /* ViewController.swift in Sources */ = {isa = PBXBuildFile; fileRef = EB725782248F1D7E00493C42 /* ViewController.swift */; };
		EB725786248F1D7E00493C42 /* Main.storyboard in Resources */ = {isa = PBXBuildFile; fileRef = EB725784248F1D7E00493C42 /* Main.storyboard */; };
		EB725788248F1D8400493C42 /* Assets.xcassets in Resources */ = {isa = PBXBuildFile; fileRef = EB725787248F1D8400493C42 /* Assets.xcassets */; };
		EB72578B248F1D8400493C42 /* LaunchScreen.storyboard in Resources */ = {isa = PBXBuildFile; fileRef = EB725789248F1D8400493C42 /* LaunchScreen.storyboard */; };
		EBEEFC30248F292D00D93516 /* NewsDetailViewController.swift in Sources */ = {isa = PBXBuildFile; fileRef = EBEEFC2F248F292D00D93516 /* NewsDetailViewController.swift */; };
		EBEEFC32248F2D3500D93516 /* News.swift in Sources */ = {isa = PBXBuildFile; fileRef = EBEEFC31248F2D3500D93516 /* News.swift */; };
/* End PBXBuildFile section */

/* Begin PBXFileReference section */
		0C084AC73D46DCEF1CA62AAD /* Pods_RSSReader.framework */ = {isa = PBXFileReference; explicitFileType = wrapper.framework; includeInIndex = 0; path = Pods_RSSReader.framework; sourceTree = BUILT_PRODUCTS_DIR; };
		9030BDE8F22BFFD5B97D292C /* Pods-RSSReader.release.xcconfig */ = {isa = PBXFileReference; includeInIndex = 1; lastKnownFileType = text.xcconfig; name = "Pods-RSSReader.release.xcconfig"; path = "Target Support Files/Pods-RSSReader/Pods-RSSReader.release.xcconfig"; sourceTree = "<group>"; };
		CDB717BB7461268AFD7F70A2 /* Pods-RSSReader.debug.xcconfig */ = {isa = PBXFileReference; includeInIndex = 1; lastKnownFileType = text.xcconfig; name = "Pods-RSSReader.debug.xcconfig"; path = "Target Support Files/Pods-RSSReader/Pods-RSSReader.debug.xcconfig"; sourceTree = "<group>"; };
		EB72577B248F1D7D00493C42 /* RSSReader.app */ = {isa = PBXFileReference; explicitFileType = wrapper.application; includeInIndex = 0; path = RSSReader.app; sourceTree = BUILT_PRODUCTS_DIR; };
		EB72577E248F1D7E00493C42 /* AppDelegate.swift */ = {isa = PBXFileReference; lastKnownFileType = sourcecode.swift; path = AppDelegate.swift; sourceTree = "<group>"; };
		EB725780248F1D7E00493C42 /* SceneDelegate.swift */ = {isa = PBXFileReference; lastKnownFileType = sourcecode.swift; path = SceneDelegate.swift; sourceTree = "<group>"; };
		EB725782248F1D7E00493C42 /* ViewController.swift */ = {isa = PBXFileReference; lastKnownFileType = sourcecode.swift; path = ViewController.swift; sourceTree = "<group>"; };
		EB725785248F1D7E00493C42 /* Base */ = {isa = PBXFileReference; lastKnownFileType = file.storyboard; name = Base; path = Base.lproj/Main.storyboard; sourceTree = "<group>"; };
		EB725787248F1D8400493C42 /* Assets.xcassets */ = {isa = PBXFileReference; lastKnownFileType = folder.assetcatalog; path = Assets.xcassets; sourceTree = "<group>"; };
		EB72578A248F1D8400493C42 /* Base */ = {isa = PBXFileReference; lastKnownFileType = file.storyboard; name = Base; path = Base.lproj/LaunchScreen.storyboard; sourceTree = "<group>"; };
		EB72578C248F1D8400493C42 /* Info.plist */ = {isa = PBXFileReference; lastKnownFileType = text.plist.xml; path = Info.plist; sourceTree = "<group>"; };
		EBEEFC2F248F292D00D93516 /* NewsDetailViewController.swift */ = {isa = PBXFileReference; lastKnownFileType = sourcecode.swift; path = NewsDetailViewController.swift; sourceTree = "<group>"; };
		EBEEFC31248F2D3500D93516 /* News.swift */ = {isa = PBXFileReference; lastKnownFileType = sourcecode.swift; path = News.swift; sourceTree = "<group>"; };
/* End PBXFileReference section */

/* Begin PBXFrameworksBuildPhase section */
		EB725778248F1D7D00493C42 /* Frameworks */ = {
			isa = PBXFrameworksBuildPhase;
			buildActionMask = 2147483647;
			files = (
				A400F0EBE1ECBA9BC8750643 /* Pods_RSSReader.framework in Frameworks */,
			);
			runOnlyForDeploymentPostprocessing = 0;
		};
/* End PBXFrameworksBuildPhase section */

/* Begin PBXGroup section */
		93B0A8DCB6E8BBC3224C81A7 /* Frameworks */ = {
			isa = PBXGroup;
			children = (
				0C084AC73D46DCEF1CA62AAD /* Pods_RSSReader.framework */,
			);
			name = Frameworks;
			sourceTree = "<group>";
		};
		AAEE3BFE145C9CA35E7012B1 /* Pods */ = {
			isa = PBXGroup;
			children = (
				CDB717BB7461268AFD7F70A2 /* Pods-RSSReader.debug.xcconfig */,
				9030BDE8F22BFFD5B97D292C /* Pods-RSSReader.release.xcconfig */,
			);
			path = Pods;
			sourceTree = "<group>";
		};
		EB725772248F1D7D00493C42 = {
			isa = PBXGroup;
			children = (
				EB72577D248F1D7D00493C42 /* RSSReader */,
				EB72577C248F1D7D00493C42 /* Products */,
				AAEE3BFE145C9CA35E7012B1 /* Pods */,
				93B0A8DCB6E8BBC3224C81A7 /* Frameworks */,
			);
			sourceTree = "<group>";
		};
		EB72577C248F1D7D00493C42 /* Products */ = {
			isa = PBXGroup;
			children = (
				EB72577B248F1D7D00493C42 /* RSSReader.app */,
			);
			name = Products;
			sourceTree = "<group>";
		};
		EB72577D248F1D7D00493C42 /* RSSReader */ = {
			isa = PBXGroup;
			children = (
				EB72577E248F1D7E00493C42 /* AppDelegate.swift */,
				EB725780248F1D7E00493C42 /* SceneDelegate.swift */,
				EB725782248F1D7E00493C42 /* ViewController.swift */,
				EBEEFC2F248F292D00D93516 /* NewsDetailViewController.swift */,
				EB725784248F1D7E00493C42 /* Main.storyboard */,
				EB725787248F1D8400493C42 /* Assets.xcassets */,
				EB725789248F1D8400493C42 /* LaunchScreen.storyboard */,
				EB72578C248F1D8400493C42 /* Info.plist */,
				EBEEFC31248F2D3500D93516 /* News.swift */,
			);
			path = RSSReader;
			sourceTree = "<group>";
		};
/* End PBXGroup section */

/* Begin PBXNativeTarget section */
		EB72577A248F1D7D00493C42 /* RSSReader */ = {
			isa = PBXNativeTarget;
			buildConfigurationList = EB72578F248F1D8400493C42 /* Build configuration list for PBXNativeTarget "RSSReader" */;
			buildPhases = (
				E9A14FBAD5D24C9662DB652D /* [CP] Check Pods Manifest.lock */,
				EB725777248F1D7D00493C42 /* Sources */,
				EB725778248F1D7D00493C42 /* Frameworks */,
				EB725779248F1D7D00493C42 /* Resources */,
				22B129AAFEFB935A51CE0DD9 /* [CP] Embed Pods Frameworks */,
			);
			buildRules = (
			);
			dependencies = (
			);
			name = RSSReader;
			productName = RSSReader;
			productReference = EB72577B248F1D7D00493C42 /* RSSReader.app */;
			productType = "com.apple.product-type.application";
		};
/* End PBXNativeTarget section */

/* Begin PBXProject section */
		EB725773248F1D7D00493C42 /* Project object */ = {
			isa = PBXProject;
			attributes = {
				LastSwiftUpdateCheck = 1150;
				LastUpgradeCheck = 1150;
				ORGANIZATIONNAME = asOne;
				TargetAttributes = {
					EB72577A248F1D7D00493C42 = {
						CreatedOnToolsVersion = 11.5;
					};
				};
			};
			buildConfigurationList = EB725776248F1D7D00493C42 /* Build configuration list for PBXProject "RSSReader" */;
			compatibilityVersion = "Xcode 9.3";
			developmentRegion = en;
			hasScannedForEncodings = 0;
			knownRegions = (
				en,
				Base,
			);
			mainGroup = EB725772248F1D7D00493C42;
			productRefGroup = EB72577C248F1D7D00493C42 /* Products */;
			projectDirPath = "";
			projectRoot = "";
			targets = (
				EB72577A248F1D7D00493C42 /* RSSReader */,
			);
		};
/* End PBXProject section */

/* Begin PBXResourcesBuildPhase section */
		EB725779248F1D7D00493C42 /* Resources */ = {
			isa = PBXResourcesBuildPhase;
			buildActionMask = 2147483647;
			files = (
				EB72578B248F1D8400493C42 /* LaunchScreen.storyboard in Resources */,
				EB725788248F1D8400493C42 /* Assets.xcassets in Resources */,
				EB725786248F1D7E00493C42 /* Main.storyboard in Resources */,
			);
			runOnlyForDeploymentPostprocessing = 0;
		};
/* End PBXResourcesBuildPhase section */

/* Begin PBXShellScriptBuildPhase section */
		22B129AAFEFB935A51CE0DD9 /* [CP] Embed Pods Frameworks */ = {
			isa = PBXShellScriptBuildPhase;
			buildActionMask = 2147483647;
			files = (
			);
			inputFileListPaths = (
				"${PODS_ROOT}/Target Support Files/Pods-RSSReader/Pods-RSSReader-frameworks-${CONFIGURATION}-input-files.xcfilelist",
			);
			name = "[CP] Embed Pods Frameworks";
			outputFileListPaths = (
				"${PODS_ROOT}/Target Support Files/Pods-RSSReader/Pods-RSSReader-frameworks-${CONFIGURATION}-output-files.xcfilelist",
			);
			runOnlyForDeploymentPostprocessing = 0;
			shellPath = /bin/sh;
			shellScript = "\"${PODS_ROOT}/Target Support Files/Pods-RSSReader/Pods-RSSReader-frameworks.sh\"\n";
			showEnvVarsInLog = 0;
		};
		E9A14FBAD5D24C9662DB652D /* [CP] Check Pods Manifest.lock */ = {
			isa = PBXShellScriptBuildPhase;
			buildActionMask = 2147483647;
			files = (
			);
			inputFileListPaths = (
			);
			inputPaths = (
				"${PODS_PODFILE_DIR_PATH}/Podfile.lock",
				"${PODS_ROOT}/Manifest.lock",
			);
			name = "[CP] Check Pods Manifest.lock";
			outputFileListPaths = (
			);
			outputPaths = (
				"$(DERIVED_FILE_DIR)/Pods-RSSReader-checkManifestLockResult.txt",
			);
			runOnlyForDeploymentPostprocessing = 0;
			shellPath = /bin/sh;
			shellScript = "diff \"${PODS_PODFILE_DIR_PATH}/Podfile.lock\" \"${PODS_ROOT}/Manifest.lock\" > /dev/null\nif [ $? != 0 ] ; then\n    # print error to STDERR\n    echo \"error: The sandbox is not in sync with the Podfile.lock. Run 'pod install' or update your CocoaPods installation.\" >&2\n    exit 1\nfi\n# This output is used by Xcode 'outputs' to avoid re-running this script phase.\necho \"SUCCESS\" > \"${SCRIPT_OUTPUT_FILE_0}\"\n";
			showEnvVarsInLog = 0;
		};
/* End PBXShellScriptBuildPhase section */

/* Begin PBXSourcesBuildPhase section */
		EB725777248F1D7D00493C42 /* Sources */ = {
			isa = PBXSourcesBuildPhase;
			buildActionMask = 2147483647;
			files = (
				EBEEFC30248F292D00D93516 /* NewsDetailViewController.swift in Sources */,
				EB725783248F1D7E00493C42 /* ViewController.swift in Sources */,
				EB72577F248F1D7E00493C42 /* AppDelegate.swift in Sources */,
				EBEEFC32248F2D3500D93516 /* News.swift in Sources */,
				EB725781248F1D7E00493C42 /* SceneDelegate.swift in Sources */,
			);
			runOnlyForDeploymentPostprocessing = 0;
		};
/* End PBXSourcesBuildPhase section */

/* Begin PBXVariantGroup section */
		EB725784248F1D7E00493C42 /* Main.storyboard */ = {
			isa = PBXVariantGroup;
			children = (
				EB725785248F1D7E00493C42 /* Base */,
			);
			name = Main.storyboard;
			sourceTree = "<group>";
		};
		EB725789248F1D8400493C42 /* LaunchScreen.storyboard */ = {
			isa = PBXVariantGroup;
			children = (
				EB72578A248F1D8400493C42 /* Base */,
			);
			name = LaunchScreen.storyboard;
			sourceTree = "<group>";
		};
/* End PBXVariantGroup section */

/* Begin XCBuildConfiguration section */
		EB72578D248F1D8400493C42 /* Debug */ = {
			isa = XCBuildConfiguration;
			buildSettings = {
				ALWAYS_SEARCH_USER_PATHS = NO;
				CLANG_ANALYZER_NONNULL = YES;
				CLANG_ANALYZER_NUMBER_OBJECT_CONVERSION = YES_AGGRESSIVE;
				CLANG_CXX_LANGUAGE_STANDARD = "gnu++14";
				CLANG_CXX_LIBRARY = "libc++";
				CLANG_ENABLE_MODULES = YES;
				CLANG_ENABLE_OBJC_ARC = YES;
				CLANG_ENABLE_OBJC_WEAK = YES;
				CLANG_WARN_BLOCK_CAPTURE_AUTORELEASING = YES;
				CLANG_WARN_BOOL_CONVERSION = YES;
				CLANG_WARN_COMMA = YES;
				CLANG_WARN_CONSTANT_CONVERSION = YES;
				CLANG_WARN_DEPRECATED_OBJC_IMPLEMENTATIONS = YES;
				CLANG_WARN_DIRECT_OBJC_ISA_USAGE = YES_ERROR;
				CLANG_WARN_DOCUMENTATION_COMMENTS = YES;
				CLANG_WARN_EMPTY_BODY = YES;
				CLANG_WARN_ENUM_CONVERSION = YES;
				CLANG_WARN_INFINITE_RECURSION = YES;
				CLANG_WARN_INT_CONVERSION = YES;
				CLANG_WARN_NON_LITERAL_NULL_CONVERSION = YES;
				CLANG_WARN_OBJC_IMPLICIT_RETAIN_SELF = YES;
				CLANG_WARN_OBJC_LITERAL_CONVERSION = YES;
				CLANG_WARN_OBJC_ROOT_CLASS = YES_ERROR;
				CLANG_WARN_RANGE_LOOP_ANALYSIS = YES;
				CLANG_WARN_STRICT_PROTOTYPES = YES;
				CLANG_WARN_SUSPICIOUS_MOVE = YES;
				CLANG_WARN_UNGUARDED_AVAILABILITY = YES_AGGRESSIVE;
				CLANG_WARN_UNREACHABLE_CODE = YES;
				CLANG_WARN__DUPLICATE_METHOD_MATCH = YES;
				COPY_PHASE_STRIP = NO;
				DEBUG_INFORMATION_FORMAT = dwarf;
				ENABLE_STRICT_OBJC_MSGSEND = YES;
				ENABLE_TESTABILITY = YES;
				GCC_C_LANGUAGE_STANDARD = gnu11;
				GCC_DYNAMIC_NO_PIC = NO;
				GCC_NO_COMMON_BLOCKS = YES;
				GCC_OPTIMIZATION_LEVEL = 0;
				GCC_PREPROCESSOR_DEFINITIONS = (
					"DEBUG=1",
					"$(inherited)",
				);
				GCC_WARN_64_TO_32_BIT_CONVERSION = YES;
				GCC_WARN_ABOUT_RETURN_TYPE = YES_ERROR;
				GCC_WARN_UNDECLARED_SELECTOR = YES;
				GCC_WARN_UNINITIALIZED_AUTOS = YES_AGGRESSIVE;
				GCC_WARN_UNUSED_FUNCTION = YES;
				GCC_WARN_UNUSED_VARIABLE = YES;
				IPHONEOS_DEPLOYMENT_TARGET = 13.5;
				MTL_ENABLE_DEBUG_INFO = INCLUDE_SOURCE;
				MTL_FAST_MATH = YES;
				ONLY_ACTIVE_ARCH = YES;
				SDKROOT = iphoneos;
				SWIFT_ACTIVE_COMPILATION_CONDITIONS = DEBUG;
				SWIFT_OPTIMIZATION_LEVEL = "-Onone";
			};
			name = Debug;
		};
		EB72578E248F1D8400493C42 /* Release */ = {
			isa = XCBuildConfiguration;
			buildSettings = {
				ALWAYS_SEARCH_USER_PATHS = NO;
				CLANG_ANALYZER_NONNULL = YES;
				CLANG_ANALYZER_NUMBER_OBJECT_CONVERSION = YES_AGGRESSIVE;
				CLANG_CXX_LANGUAGE_STANDARD = "gnu++14";
				CLANG_CXX_LIBRARY = "libc++";
				CLANG_ENABLE_MODULES = YES;
				CLANG_ENABLE_OBJC_ARC = YES;
				CLANG_ENABLE_OBJC_WEAK = YES;
				CLANG_WARN_BLOCK_CAPTURE_AUTORELEASING = YES;
				CLANG_WARN_BOOL_CONVERSION = YES;
				CLANG_WARN_COMMA = YES;
				CLANG_WARN_CONSTANT_CONVERSION = YES;
				CLANG_WARN_DEPRECATED_OBJC_IMPLEMENTATIONS = YES;
				CLANG_WARN_DIRECT_OBJC_ISA_USAGE = YES_ERROR;
				CLANG_WARN_DOCUMENTATION_COMMENTS = YES;
				CLANG_WARN_EMPTY_BODY = YES;
				CLANG_WARN_ENUM_CONVERSION = YES;
				CLANG_WARN_INFINITE_RECURSION = YES;
				CLANG_WARN_INT_CONVERSION = YES;
				CLANG_WARN_NON_LITERAL_NULL_CONVERSION = YES;
				CLANG_WARN_OBJC_IMPLICIT_RETAIN_SELF = YES;
				CLANG_WARN_OBJC_LITERAL_CONVERSION = YES;
				CLANG_WARN_OBJC_ROOT_CLASS = YES_ERROR;
				CLANG_WARN_RANGE_LOOP_ANALYSIS = YES;
				CLANG_WARN_STRICT_PROTOTYPES = YES;
				CLANG_WARN_SUSPICIOUS_MOVE = YES;
				CLANG_WARN_UNGUARDED_AVAILABILITY = YES_AGGRESSIVE;
				CLANG_WARN_UNREACHABLE_CODE = YES;
				CLANG_WARN__DUPLICATE_METHOD_MATCH = YES;
				COPY_PHASE_STRIP = NO;
				DEBUG_INFORMATION_FORMAT = "dwarf-with-dsym";
				ENABLE_NS_ASSERTIONS = NO;
				ENABLE_STRICT_OBJC_MSGSEND = YES;
				GCC_C_LANGUAGE_STANDARD = gnu11;
				GCC_NO_COMMON_BLOCKS = YES;
				GCC_WARN_64_TO_32_BIT_CONVERSION = YES;
				GCC_WARN_ABOUT_RETURN_TYPE = YES_ERROR;
				GCC_WARN_UNDECLARED_SELECTOR = YES;
				GCC_WARN_UNINITIALIZED_AUTOS = YES_AGGRESSIVE;
				GCC_WARN_UNUSED_FUNCTION = YES;
				GCC_WARN_UNUSED_VARIABLE = YES;
				IPHONEOS_DEPLOYMENT_TARGET = 13.5;
				MTL_ENABLE_DEBUG_INFO = NO;
				MTL_FAST_MATH = YES;
				SDKROOT = iphoneos;
				SWIFT_COMPILATION_MODE = wholemodule;
				SWIFT_OPTIMIZATION_LEVEL = "-O";
				VALIDATE_PRODUCT = YES;
			};
			name = Release;
		};
		EB725790248F1D8400493C42 /* Debug */ = {
			isa = XCBuildConfiguration;
			baseConfigurationReference = CDB717BB7461268AFD7F70A2 /* Pods-RSSReader.debug.xcconfig */;
			buildSettings = {
				ASSETCATALOG_COMPILER_APPICON_NAME = AppIcon;
				CODE_SIGN_STYLE = Automatic;
				INFOPLIST_FILE = RSSReader/Info.plist;
				LD_RUNPATH_SEARCH_PATHS = (
					"$(inherited)",
					"@executable_path/Frameworks",
				);
				PRODUCT_BUNDLE_IDENTIFIER = "jp.co.al-j.RSSReader";
				PRODUCT_NAME = "$(TARGET_NAME)";
				SWIFT_VERSION = 5.0;
				TARGETED_DEVICE_FAMILY = "1,2";
			};
			name = Debug;
		};
		EB725791248F1D8400493C42 /* Release */ = {
			isa = XCBuildConfiguration;
			baseConfigurationReference = 9030BDE8F22BFFD5B97D292C /* Pods-RSSReader.release.xcconfig */;
			buildSettings = {
				ASSETCATALOG_COMPILER_APPICON_NAME = AppIcon;
				CODE_SIGN_STYLE = Automatic;
				INFOPLIST_FILE = RSSReader/Info.plist;
				LD_RUNPATH_SEARCH_PATHS = (
					"$(inherited)",
					"@executable_path/Frameworks",
				);
				PRODUCT_BUNDLE_IDENTIFIER = "jp.co.al-j.RSSReader";
				PRODUCT_NAME = "$(TARGET_NAME)";
				SWIFT_VERSION = 5.0;
				TARGETED_DEVICE_FAMILY = "1,2";
			};
			name = Release;
		};
/* End XCBuildConfiguration section */

/* Begin XCConfigurationList section */
		EB725776248F1D7D00493C42 /* Build configuration list for PBXProject "RSSReader" */ = {
			isa = XCConfigurationList;
			buildConfigurations = (
				EB72578D248F1D8400493C42 /* Debug */,
				EB72578E248F1D8400493C42 /* Release */,
			);
			defaultConfigurationIsVisible = 0;
			defaultConfigurationName = Release;
		};
		EB72578F248F1D8400493C42 /* Build configuration list for PBXNativeTarget "RSSReader" */ = {
			isa = XCConfigurationList;
			buildConfigurations = (
				EB725790248F1D8400493C42 /* Debug */,
				EB725791248F1D8400493C42 /* Release */,
			);
			defaultConfigurationIsVisible = 0;
			defaultConfigurationName = Release;
		};
/* End XCConfigurationList section */
	};
	rootObject = EB725773248F1D7D00493C42 /* Project object */;
}
