// !$*UTF8*$!
{
	archiveVersion = 1;
	classes = {
	};
	objectVersion = 50;
	objects = {

/* Begin PBXBuildFile section */
		EB22D8202489EE43002CF14E /* AppDelegate.swift in Sources */ = {isa = PBXBuildFile; fileRef = EB22D81F2489EE43002CF14E /* AppDelegate.swift */; };
		EB22D8222489EE43002CF14E /* SceneDelegate.swift in Sources */ = {isa = PBXBuildFile; fileRef = EB22D8212489EE43002CF14E /* SceneDelegate.swift */; };
		EB22D8242489EE43002CF14E /* ViewController.swift in Sources */ = {isa = PBXBuildFile; fileRef = EB22D8232489EE43002CF14E /* ViewController.swift */; };
		EB22D8272489EE43002CF14E /* Main.storyboard in Resources */ = {isa = PBXBuildFile; fileRef = EB22D8252489EE43002CF14E /* Main.storyboard */; };
		EB22D8292489EE47002CF14E /* Assets.xcassets in Resources */ = {isa = PBXBuildFile; fileRef = EB22D8282489EE47002CF14E /* Assets.xcassets */; };
		EB22D82C2489EE47002CF14E /* LaunchScreen.storyboard in Resources */ = {isa = PBXBuildFile; fileRef = EB22D82A2489EE47002CF14E /* LaunchScreen.storyboard */; };
		EB22D834248A0FDE002CF14E /* PlayViewController.swift in Sources */ = {isa = PBXBuildFile; fileRef = EB22D833248A0FDE002CF14E /* PlayViewController.swift */; };
		EB22D836248A0FEF002CF14E /* ResultViewController.swift in Sources */ = {isa = PBXBuildFile; fileRef = EB22D835248A0FEF002CF14E /* ResultViewController.swift */; };
/* End PBXBuildFile section */

/* Begin PBXFileReference section */
		EB22D81C2489EE43002CF14E /* GestureFlash.app */ = {isa = PBXFileReference; explicitFileType = wrapper.application; includeInIndex = 0; path = GestureFlash.app; sourceTree = BUILT_PRODUCTS_DIR; };
		EB22D81F2489EE43002CF14E /* AppDelegate.swift */ = {isa = PBXFileReference; lastKnownFileType = sourcecode.swift; path = AppDelegate.swift; sourceTree = "<group>"; };
		EB22D8212489EE43002CF14E /* SceneDelegate.swift */ = {isa = PBXFileReference; lastKnownFileType = sourcecode.swift; path = SceneDelegate.swift; sourceTree = "<group>"; };
		EB22D8232489EE43002CF14E /* ViewController.swift */ = {isa = PBXFileReference; lastKnownFileType = sourcecode.swift; path = ViewController.swift; sourceTree = "<group>"; };
		EB22D8262489EE43002CF14E /* Base */ = {isa = PBXFileReference; lastKnownFileType = file.storyboard; name = Base; path = Base.lproj/Main.storyboard; sourceTree = "<group>"; };
		EB22D8282489EE47002CF14E /* Assets.xcassets */ = {isa = PBXFileReference; lastKnownFileType = folder.assetcatalog; path = Assets.xcassets; sourceTree = "<group>"; };
		EB22D82B2489EE47002CF14E /* Base */ = {isa = PBXFileReference; lastKnownFileType = file.storyboard; name = Base; path = Base.lproj/LaunchScreen.storyboard; sourceTree = "<group>"; };
		EB22D82D2489EE47002CF14E /* Info.plist */ = {isa = PBXFileReference; lastKnownFileType = text.plist.xml; path = Info.plist; sourceTree = "<group>"; };
		EB22D833248A0FDE002CF14E /* PlayViewController.swift */ = {isa = PBXFileReference; lastKnownFileType = sourcecode.swift; path = PlayViewController.swift; sourceTree = "<group>"; };
		EB22D835248A0FEF002CF14E /* ResultViewController.swift */ = {isa = PBXFileReference; lastKnownFileType = sourcecode.swift; path = ResultViewController.swift; sourceTree = "<group>"; };
/* End PBXFileReference section */

/* Begin PBXFrameworksBuildPhase section */
		EB22D8192489EE43002CF14E /* Frameworks */ = {
			isa = PBXFrameworksBuildPhase;
			buildActionMask = 2147483647;
			files = (
			);
			runOnlyForDeploymentPostprocessing = 0;
		};
/* End PBXFrameworksBuildPhase section */

/* Begin PBXGroup section */
		EB22D8132489EE43002CF14E = {
			isa = PBXGroup;
			children = (
				EB22D81E2489EE43002CF14E /* GestureFlash */,
				EB22D81D2489EE43002CF14E /* Products */,
			);
			sourceTree = "<group>";
		};
		EB22D81D2489EE43002CF14E /* Products */ = {
			isa = PBXGroup;
			children = (
				EB22D81C2489EE43002CF14E /* GestureFlash.app */,
			);
			name = Products;
			sourceTree = "<group>";
		};
		EB22D81E2489EE43002CF14E /* GestureFlash */ = {
			isa = PBXGroup;
			children = (
				EB22D81F2489EE43002CF14E /* AppDelegate.swift */,
				EB22D8212489EE43002CF14E /* SceneDelegate.swift */,
				EB22D8232489EE43002CF14E /* ViewController.swift */,
				EB22D8252489EE43002CF14E /* Main.storyboard */,
				EB22D833248A0FDE002CF14E /* PlayViewController.swift */,
				EB22D835248A0FEF002CF14E /* ResultViewController.swift */,
				EB22D8282489EE47002CF14E /* Assets.xcassets */,
				EB22D82A2489EE47002CF14E /* LaunchScreen.storyboard */,
				EB22D82D2489EE47002CF14E /* Info.plist */,
			);
			path = GestureFlash;
			sourceTree = "<group>";
		};
/* End PBXGroup section */

/* Begin PBXNativeTarget section */
		EB22D81B2489EE43002CF14E /* GestureFlash */ = {
			isa = PBXNativeTarget;
			buildConfigurationList = EB22D8302489EE47002CF14E /* Build configuration list for PBXNativeTarget "GestureFlash" */;
			buildPhases = (
				EB22D8182489EE43002CF14E /* Sources */,
				EB22D8192489EE43002CF14E /* Frameworks */,
				EB22D81A2489EE43002CF14E /* Resources */,
			);
			buildRules = (
			);
			dependencies = (
			);
			name = GestureFlash;
			productName = GestureFlash;
			productReference = EB22D81C2489EE43002CF14E /* GestureFlash.app */;
			productType = "com.apple.product-type.application";
		};
/* End PBXNativeTarget section */

/* Begin PBXProject section */
		EB22D8142489EE43002CF14E /* Project object */ = {
			isa = PBXProject;
			attributes = {
				LastSwiftUpdateCheck = 1150;
				LastUpgradeCheck = 1150;
				ORGANIZATIONNAME = Owner;
				TargetAttributes = {
					EB22D81B2489EE43002CF14E = {
						CreatedOnToolsVersion = 11.5;
					};
				};
			};
			buildConfigurationList = EB22D8172489EE43002CF14E /* Build configuration list for PBXProject "GestureFlash" */;
			compatibilityVersion = "Xcode 9.3";
			developmentRegion = en;
			hasScannedForEncodings = 0;
			knownRegions = (
				en,
				Base,
			);
			mainGroup = EB22D8132489EE43002CF14E;
			productRefGroup = EB22D81D2489EE43002CF14E /* Products */;
			projectDirPath = "";
			projectRoot = "";
			targets = (
				EB22D81B2489EE43002CF14E /* GestureFlash */,
			);
		};
/* End PBXProject section */

/* Begin PBXResourcesBuildPhase section */
		EB22D81A2489EE43002CF14E /* Resources */ = {
			isa = PBXResourcesBuildPhase;
			buildActionMask = 2147483647;
			files = (
				EB22D82C2489EE47002CF14E /* LaunchScreen.storyboard in Resources */,
				EB22D8292489EE47002CF14E /* Assets.xcassets in Resources */,
				EB22D8272489EE43002CF14E /* Main.storyboard in Resources */,
			);
			runOnlyForDeploymentPostprocessing = 0;
		};
/* End PBXResourcesBuildPhase section */

/* Begin PBXSourcesBuildPhase section */
		EB22D8182489EE43002CF14E /* Sources */ = {
			isa = PBXSourcesBuildPhase;
			buildActionMask = 2147483647;
			files = (
				EB22D836248A0FEF002CF14E /* ResultViewController.swift in Sources */,
				EB22D834248A0FDE002CF14E /* PlayViewController.swift in Sources */,
				EB22D8242489EE43002CF14E /* ViewController.swift in Sources */,
				EB22D8202489EE43002CF14E /* AppDelegate.swift in Sources */,
				EB22D8222489EE43002CF14E /* SceneDelegate.swift in Sources */,
			);
			runOnlyForDeploymentPostprocessing = 0;
		};
/* End PBXSourcesBuildPhase section */

/* Begin PBXVariantGroup section */
		EB22D8252489EE43002CF14E /* Main.storyboard */ = {
			isa = PBXVariantGroup;
			children = (
				EB22D8262489EE43002CF14E /* Base */,
			);
			name = Main.storyboard;
			sourceTree = "<group>";
		};
		EB22D82A2489EE47002CF14E /* LaunchScreen.storyboard */ = {
			isa = PBXVariantGroup;
			children = (
				EB22D82B2489EE47002CF14E /* Base */,
			);
			name = LaunchScreen.storyboard;
			sourceTree = "<group>";
		};
/* End PBXVariantGroup section */

/* Begin XCBuildConfiguration section */
		EB22D82E2489EE47002CF14E /* Debug */ = {
			isa = XCBuildConfiguration;
			buildSettings = {
				ALWAYS_SEARCH_USER_PATHS = NO;
				CLANG_ANALYZER_NONNULL = YES;
				CLANG_ANALYZER_NUMBER_OBJECT_CONVERSION = YES_AGGRESSIVE;
				CLANG_CXX_LANGUAGE_STANDARD = "gnu++14";
				CLANG_CXX_LIBRARY = "libc++";
				CLANG_ENABLE_MODULES = YES;
				CLANG_ENABLE_OBJC_ARC = YES;
				CLANG_ENABLE_OBJC_WEAK = YES;
				CLANG_WARN_BLOCK_CAPTURE_AUTORELEASING = YES;
				CLANG_WARN_BOOL_CONVERSION = YES;
				CLANG_WARN_COMMA = YES;
				CLANG_WARN_CONSTANT_CONVERSION = YES;
				CLANG_WARN_DEPRECATED_OBJC_IMPLEMENTATIONS = YES;
				CLANG_WARN_DIRECT_OBJC_ISA_USAGE = YES_ERROR;
				CLANG_WARN_DOCUMENTATION_COMMENTS = YES;
				CLANG_WARN_EMPTY_BODY = YES;
				CLANG_WARN_ENUM_CONVERSION = YES;
				CLANG_WARN_INFINITE_RECURSION = YES;
				CLANG_WARN_INT_CONVERSION = YES;
				CLANG_WARN_NON_LITERAL_NULL_CONVERSION = YES;
				CLANG_WARN_OBJC_IMPLICIT_RETAIN_SELF = YES;
				CLANG_WARN_OBJC_LITERAL_CONVERSION = YES;
				CLANG_WARN_OBJC_ROOT_CLASS = YES_ERROR;
				CLANG_WARN_RANGE_LOOP_ANALYSIS = YES;
				CLANG_WARN_STRICT_PROTOTYPES = YES;
				CLANG_WARN_SUSPICIOUS_MOVE = YES;
				CLANG_WARN_UNGUARDED_AVAILABILITY = YES_AGGRESSIVE;
				CLANG_WARN_UNREACHABLE_CODE = YES;
				CLANG_WARN__DUPLICATE_METHOD_MATCH = YES;
				COPY_PHASE_STRIP = NO;
				DEBUG_INFORMATION_FORMAT = dwarf;
				ENABLE_STRICT_OBJC_MSGSEND = YES;
				ENABLE_TESTABILITY = YES;
				GCC_C_LANGUAGE_STANDARD = gnu11;
				GCC_DYNAMIC_NO_PIC = NO;
				GCC_NO_COMMON_BLOCKS = YES;
				GCC_OPTIMIZATION_LEVEL = 0;
				GCC_PREPROCESSOR_DEFINITIONS = (
					"DEBUG=1",
					"$(inherited)",
				);
				GCC_WARN_64_TO_32_BIT_CONVERSION = YES;
				GCC_WARN_ABOUT_RETURN_TYPE = YES_ERROR;
				GCC_WARN_UNDECLARED_SELECTOR = YES;
				GCC_WARN_UNINITIALIZED_AUTOS = YES_AGGRESSIVE;
				GCC_WARN_UNUSED_FUNCTION = YES;
				GCC_WARN_UNUSED_VARIABLE = YES;
				IPHONEOS_DEPLOYMENT_TARGET = 13.4;
				MTL_ENABLE_DEBUG_INFO = INCLUDE_SOURCE;
				MTL_FAST_MATH = YES;
				ONLY_ACTIVE_ARCH = YES;
				SDKROOT = iphoneos;
				SWIFT_ACTIVE_COMPILATION_CONDITIONS = DEBUG;
				SWIFT_OPTIMIZATION_LEVEL = "-Onone";
			};
			name = Debug;
		};
		EB22D82F2489EE47002CF14E /* Release */ = {
			isa = XCBuildConfiguration;
			buildSettings = {
				ALWAYS_SEARCH_USER_PATHS = NO;
				CLANG_ANALYZER_NONNULL = YES;
				CLANG_ANALYZER_NUMBER_OBJECT_CONVERSION = YES_AGGRESSIVE;
				CLANG_CXX_LANGUAGE_STANDARD = "gnu++14";
				CLANG_CXX_LIBRARY = "libc++";
				CLANG_ENABLE_MODULES = YES;
				CLANG_ENABLE_OBJC_ARC = YES;
				CLANG_ENABLE_OBJC_WEAK = YES;
				CLANG_WARN_BLOCK_CAPTURE_AUTORELEASING = YES;
				CLANG_WARN_BOOL_CONVERSION = YES;
				CLANG_WARN_COMMA = YES;
				CLANG_WARN_CONSTANT_CONVERSION = YES;
				CLANG_WARN_DEPRECATED_OBJC_IMPLEMENTATIONS = YES;
				CLANG_WARN_DIRECT_OBJC_ISA_USAGE = YES_ERROR;
				CLANG_WARN_DOCUMENTATION_COMMENTS = YES;
				CLANG_WARN_EMPTY_BODY = YES;
				CLANG_WARN_ENUM_CONVERSION = YES;
				CLANG_WARN_INFINITE_RECURSION = YES;
				CLANG_WARN_INT_CONVERSION = YES;
				CLANG_WARN_NON_LITERAL_NULL_CONVERSION = YES;
				CLANG_WARN_OBJC_IMPLICIT_RETAIN_SELF = YES;
				CLANG_WARN_OBJC_LITERAL_CONVERSION = YES;
				CLANG_WARN_OBJC_ROOT_CLASS = YES_ERROR;
				CLANG_WARN_RANGE_LOOP_ANALYSIS = YES;
				CLANG_WARN_STRICT_PROTOTYPES = YES;
				CLANG_WARN_SUSPICIOUS_MOVE = YES;
				CLANG_WARN_UNGUARDED_AVAILABILITY = YES_AGGRESSIVE;
				CLANG_WARN_UNREACHABLE_CODE = YES;
				CLANG_WARN__DUPLICATE_METHOD_MATCH = YES;
				COPY_PHASE_STRIP = NO;
				DEBUG_INFORMATION_FORMAT = "dwarf-with-dsym";
				ENABLE_NS_ASSERTIONS = NO;
				ENABLE_STRICT_OBJC_MSGSEND = YES;
				GCC_C_LANGUAGE_STANDARD = gnu11;
				GCC_NO_COMMON_BLOCKS = YES;
				GCC_WARN_64_TO_32_BIT_CONVERSION = YES;
				GCC_WARN_ABOUT_RETURN_TYPE = YES_ERROR;
				GCC_WARN_UNDECLARED_SELECTOR = YES;
				GCC_WARN_UNINITIALIZED_AUTOS = YES_AGGRESSIVE;
				GCC_WARN_UNUSED_FUNCTION = YES;
				GCC_WARN_UNUSED_VARIABLE = YES;
				IPHONEOS_DEPLOYMENT_TARGET = 13.4;
				MTL_ENABLE_DEBUG_INFO = NO;
				MTL_FAST_MATH = YES;
				SDKROOT = iphoneos;
				SWIFT_COMPILATION_MODE = wholemodule;
				SWIFT_OPTIMIZATION_LEVEL = "-O";
				VALIDATE_PRODUCT = YES;
			};
			name = Release;
		};
		EB22D8312489EE47002CF14E /* Debug */ = {
			isa = XCBuildConfiguration;
			buildSettings = {
				ASSETCATALOG_COMPILER_APPICON_NAME = AppIcon;
				CODE_SIGN_STYLE = Automatic;
				DEVELOPMENT_TEAM = WSTVQB6Y6X;
				INFOPLIST_FILE = GestureFlash/Info.plist;
				LD_RUNPATH_SEARCH_PATHS = (
					"$(inherited)",
					"@executable_path/Frameworks",
				);
				PRODUCT_BUNDLE_IDENTIFIER = "jp.co.al-j.GestureFlash";
				PRODUCT_NAME = "$(TARGET_NAME)";
				SWIFT_VERSION = 5.0;
				TARGETED_DEVICE_FAMILY = "1,2";
			};
			name = Debug;
		};
		EB22D8322489EE47002CF14E /* Release */ = {
			isa = XCBuildConfiguration;
			buildSettings = {
				ASSETCATALOG_COMPILER_APPICON_NAME = AppIcon;
				CODE_SIGN_STYLE = Automatic;
				DEVELOPMENT_TEAM = WSTVQB6Y6X;
				INFOPLIST_FILE = GestureFlash/Info.plist;
				LD_RUNPATH_SEARCH_PATHS = (
					"$(inherited)",
					"@executable_path/Frameworks",
				);
				PRODUCT_BUNDLE_IDENTIFIER = "jp.co.al-j.GestureFlash";
				PRODUCT_NAME = "$(TARGET_NAME)";
				SWIFT_VERSION = 5.0;
				TARGETED_DEVICE_FAMILY = "1,2";
			};
			name = Release;
		};
/* End XCBuildConfiguration section */

/* Begin XCConfigurationList section */
		EB22D8172489EE43002CF14E /* Build configuration list for PBXProject "GestureFlash" */ = {
			isa = XCConfigurationList;
			buildConfigurations = (
				EB22D82E2489EE47002CF14E /* Debug */,
				EB22D82F2489EE47002CF14E /* Release */,
			);
			defaultConfigurationIsVisible = 0;
			defaultConfigurationName = Release;
		};
		EB22D8302489EE47002CF14E /* Build configuration list for PBXNativeTarget "GestureFlash" */ = {
			isa = XCConfigurationList;
			buildConfigurations = (
				EB22D8312489EE47002CF14E /* Debug */,
				EB22D8322489EE47002CF14E /* Release */,
			);
			defaultConfigurationIsVisible = 0;
			defaultConfigurationName = Release;
		};
/* End XCConfigurationList section */
	};
	rootObject = EB22D8142489EE43002CF14E /* Project object */;
}
