// !$*UTF8*$!
{
	archiveVersion = 1;
	classes = {
	};
	objectVersion = 50;
	objects = {

/* Begin PBXBuildFile section */
		EB9D456F24888045001B41D1 /* AppDelegate.swift in Sources */ = {isa = PBXBuildFile; fileRef = EB9D456E24888045001B41D1 /* AppDelegate.swift */; };
		EB9D457124888045001B41D1 /* SceneDelegate.swift in Sources */ = {isa = PBXBuildFile; fileRef = EB9D457024888045001B41D1 /* SceneDelegate.swift */; };
		EB9D457324888045001B41D1 /* ViewController.swift in Sources */ = {isa = PBXBuildFile; fileRef = EB9D457224888045001B41D1 /* ViewController.swift */; };
		EB9D457624888045001B41D1 /* Main.storyboard in Resources */ = {isa = PBXBuildFile; fileRef = EB9D457424888045001B41D1 /* Main.storyboard */; };
		EB9D45782488804D001B41D1 /* Assets.xcassets in Resources */ = {isa = PBXBuildFile; fileRef = EB9D45772488804D001B41D1 /* Assets.xcassets */; };
		EB9D457B2488804D001B41D1 /* LaunchScreen.storyboard in Resources */ = {isa = PBXBuildFile; fileRef = EB9D45792488804D001B41D1 /* LaunchScreen.storyboard */; };
		EB9D458324888099001B41D1 /* splash in Resources */ = {isa = PBXBuildFile; fileRef = EB9D458224888099001B41D1 /* splash */; };
		EB9D4585248880AA001B41D1 /* icon in Resources */ = {isa = PBXBuildFile; fileRef = EB9D4584248880AA001B41D1 /* icon */; };
		EB9D458B24889115001B41D1 /* Clap.swift in Sources */ = {isa = PBXBuildFile; fileRef = EB9D458A24889115001B41D1 /* Clap.swift */; };
		EB9D458E24889199001B41D1 /* AudioToolbox.framework in Frameworks */ = {isa = PBXBuildFile; fileRef = EB9D458D24889199001B41D1 /* AudioToolbox.framework */; };
		EB9D4590248891A9001B41D1 /* clap.wav in Resources */ = {isa = PBXBuildFile; fileRef = EB9D458F248891A9001B41D1 /* clap.wav */; };
/* End PBXBuildFile section */

/* Begin PBXFileReference section */
		EB9D456B24888045001B41D1 /* ClapBeat.app */ = {isa = PBXFileReference; explicitFileType = wrapper.application; includeInIndex = 0; path = ClapBeat.app; sourceTree = BUILT_PRODUCTS_DIR; };
		EB9D456E24888045001B41D1 /* AppDelegate.swift */ = {isa = PBXFileReference; lastKnownFileType = sourcecode.swift; path = AppDelegate.swift; sourceTree = "<group>"; };
		EB9D457024888045001B41D1 /* SceneDelegate.swift */ = {isa = PBXFileReference; lastKnownFileType = sourcecode.swift; path = SceneDelegate.swift; sourceTree = "<group>"; };
		EB9D457224888045001B41D1 /* ViewController.swift */ = {isa = PBXFileReference; lastKnownFileType = sourcecode.swift; path = ViewController.swift; sourceTree = "<group>"; };
		EB9D457524888045001B41D1 /* Base */ = {isa = PBXFileReference; lastKnownFileType = file.storyboard; name = Base; path = Base.lproj/Main.storyboard; sourceTree = "<group>"; };
		EB9D45772488804D001B41D1 /* Assets.xcassets */ = {isa = PBXFileReference; lastKnownFileType = folder.assetcatalog; path = Assets.xcassets; sourceTree = "<group>"; };
		EB9D457A2488804D001B41D1 /* Base */ = {isa = PBXFileReference; lastKnownFileType = file.storyboard; name = Base; path = Base.lproj/LaunchScreen.storyboard; sourceTree = "<group>"; };
		EB9D457C2488804D001B41D1 /* Info.plist */ = {isa = PBXFileReference; lastKnownFileType = text.plist.xml; path = Info.plist; sourceTree = "<group>"; };
		EB9D458224888099001B41D1 /* splash */ = {isa = PBXFileReference; lastKnownFileType = folder; path = splash; sourceTree = "<group>"; };
		EB9D4584248880AA001B41D1 /* icon */ = {isa = PBXFileReference; lastKnownFileType = folder; path = icon; sourceTree = "<group>"; };
		EB9D458A24889115001B41D1 /* Clap.swift */ = {isa = PBXFileReference; lastKnownFileType = sourcecode.swift; path = Clap.swift; sourceTree = SOURCE_ROOT; };
		EB9D458D24889199001B41D1 /* AudioToolbox.framework */ = {isa = PBXFileReference; lastKnownFileType = wrapper.framework; name = AudioToolbox.framework; path = System/Library/Frameworks/AudioToolbox.framework; sourceTree = SDKROOT; };
		EB9D458F248891A9001B41D1 /* clap.wav */ = {isa = PBXFileReference; lastKnownFileType = audio.wav; name = clap.wav; path = ../../../../Downloads/04/clap.wav; sourceTree = "<group>"; };
/* End PBXFileReference section */

/* Begin PBXFrameworksBuildPhase section */
		EB9D456824888045001B41D1 /* Frameworks */ = {
			isa = PBXFrameworksBuildPhase;
			buildActionMask = 2147483647;
			files = (
				EB9D458E24889199001B41D1 /* AudioToolbox.framework in Frameworks */,
			);
			runOnlyForDeploymentPostprocessing = 0;
		};
/* End PBXFrameworksBuildPhase section */

/* Begin PBXGroup section */
		EB9D456224888045001B41D1 = {
			isa = PBXGroup;
			children = (
				EB9D456D24888045001B41D1 /* ClapBeat */,
				EB9D456C24888045001B41D1 /* Products */,
				EB9D458C24889199001B41D1 /* Frameworks */,
			);
			sourceTree = "<group>";
		};
		EB9D456C24888045001B41D1 /* Products */ = {
			isa = PBXGroup;
			children = (
				EB9D456B24888045001B41D1 /* ClapBeat.app */,
			);
			name = Products;
			sourceTree = "<group>";
		};
		EB9D456D24888045001B41D1 /* ClapBeat */ = {
			isa = PBXGroup;
			children = (
				EB9D4584248880AA001B41D1 /* icon */,
				EB9D458224888099001B41D1 /* splash */,
				EB9D456E24888045001B41D1 /* AppDelegate.swift */,
				EB9D457024888045001B41D1 /* SceneDelegate.swift */,
				EB9D457224888045001B41D1 /* ViewController.swift */,
				EB9D458A24889115001B41D1 /* Clap.swift */,
				EB9D457424888045001B41D1 /* Main.storyboard */,
				EB9D45772488804D001B41D1 /* Assets.xcassets */,
				EB9D45792488804D001B41D1 /* LaunchScreen.storyboard */,
				EB9D457C2488804D001B41D1 /* Info.plist */,
				EB9D458F248891A9001B41D1 /* clap.wav */,
			);
			path = ClapBeat;
			sourceTree = "<group>";
		};
		EB9D458C24889199001B41D1 /* Frameworks */ = {
			isa = PBXGroup;
			children = (
				EB9D458D24889199001B41D1 /* AudioToolbox.framework */,
			);
			name = Frameworks;
			sourceTree = "<group>";
		};
/* End PBXGroup section */

/* Begin PBXNativeTarget section */
		EB9D456A24888045001B41D1 /* ClapBeat */ = {
			isa = PBXNativeTarget;
			buildConfigurationList = EB9D457F2488804D001B41D1 /* Build configuration list for PBXNativeTarget "ClapBeat" */;
			buildPhases = (
				EB9D456724888045001B41D1 /* Sources */,
				EB9D456824888045001B41D1 /* Frameworks */,
				EB9D456924888045001B41D1 /* Resources */,
			);
			buildRules = (
			);
			dependencies = (
			);
			name = ClapBeat;
			productName = ClapBeat;
			productReference = EB9D456B24888045001B41D1 /* ClapBeat.app */;
			productType = "com.apple.product-type.application";
		};
/* End PBXNativeTarget section */

/* Begin PBXProject section */
		EB9D456324888045001B41D1 /* Project object */ = {
			isa = PBXProject;
			attributes = {
				LastSwiftUpdateCheck = 1150;
				LastUpgradeCheck = 1150;
				ORGANIZATIONNAME = Owner;
				TargetAttributes = {
					EB9D456A24888045001B41D1 = {
						CreatedOnToolsVersion = 11.5;
					};
				};
			};
			buildConfigurationList = EB9D456624888045001B41D1 /* Build configuration list for PBXProject "ClapBeat" */;
			compatibilityVersion = "Xcode 9.3";
			developmentRegion = en;
			hasScannedForEncodings = 0;
			knownRegions = (
				en,
				Base,
			);
			mainGroup = EB9D456224888045001B41D1;
			productRefGroup = EB9D456C24888045001B41D1 /* Products */;
			projectDirPath = "";
			projectRoot = "";
			targets = (
				EB9D456A24888045001B41D1 /* ClapBeat */,
			);
		};
/* End PBXProject section */

/* Begin PBXResourcesBuildPhase section */
		EB9D456924888045001B41D1 /* Resources */ = {
			isa = PBXResourcesBuildPhase;
			buildActionMask = 2147483647;
			files = (
				EB9D4590248891A9001B41D1 /* clap.wav in Resources */,
				EB9D457B2488804D001B41D1 /* LaunchScreen.storyboard in Resources */,
				EB9D4585248880AA001B41D1 /* icon in Resources */,
				EB9D458324888099001B41D1 /* splash in Resources */,
				EB9D45782488804D001B41D1 /* Assets.xcassets in Resources */,
				EB9D457624888045001B41D1 /* Main.storyboard in Resources */,
			);
			runOnlyForDeploymentPostprocessing = 0;
		};
/* End PBXResourcesBuildPhase section */

/* Begin PBXSourcesBuildPhase section */
		EB9D456724888045001B41D1 /* Sources */ = {
			isa = PBXSourcesBuildPhase;
			buildActionMask = 2147483647;
			files = (
				EB9D457324888045001B41D1 /* ViewController.swift in Sources */,
				EB9D458B24889115001B41D1 /* Clap.swift in Sources */,
				EB9D456F24888045001B41D1 /* AppDelegate.swift in Sources */,
				EB9D457124888045001B41D1 /* SceneDelegate.swift in Sources */,
			);
			runOnlyForDeploymentPostprocessing = 0;
		};
/* End PBXSourcesBuildPhase section */

/* Begin PBXVariantGroup section */
		EB9D457424888045001B41D1 /* Main.storyboard */ = {
			isa = PBXVariantGroup;
			children = (
				EB9D457524888045001B41D1 /* Base */,
			);
			name = Main.storyboard;
			sourceTree = "<group>";
		};
		EB9D45792488804D001B41D1 /* LaunchScreen.storyboard */ = {
			isa = PBXVariantGroup;
			children = (
				EB9D457A2488804D001B41D1 /* Base */,
			);
			name = LaunchScreen.storyboard;
			sourceTree = "<group>";
		};
/* End PBXVariantGroup section */

/* Begin XCBuildConfiguration section */
		EB9D457D2488804D001B41D1 /* Debug */ = {
			isa = XCBuildConfiguration;
			buildSettings = {
				ALWAYS_SEARCH_USER_PATHS = NO;
				CLANG_ANALYZER_NONNULL = YES;
				CLANG_ANALYZER_NUMBER_OBJECT_CONVERSION = YES_AGGRESSIVE;
				CLANG_CXX_LANGUAGE_STANDARD = "gnu++14";
				CLANG_CXX_LIBRARY = "libc++";
				CLANG_ENABLE_MODULES = YES;
				CLANG_ENABLE_OBJC_ARC = YES;
				CLANG_ENABLE_OBJC_WEAK = YES;
				CLANG_WARN_BLOCK_CAPTURE_AUTORELEASING = YES;
				CLANG_WARN_BOOL_CONVERSION = YES;
				CLANG_WARN_COMMA = YES;
				CLANG_WARN_CONSTANT_CONVERSION = YES;
				CLANG_WARN_DEPRECATED_OBJC_IMPLEMENTATIONS = YES;
				CLANG_WARN_DIRECT_OBJC_ISA_USAGE = YES_ERROR;
				CLANG_WARN_DOCUMENTATION_COMMENTS = YES;
				CLANG_WARN_EMPTY_BODY = YES;
				CLANG_WARN_ENUM_CONVERSION = YES;
				CLANG_WARN_INFINITE_RECURSION = YES;
				CLANG_WARN_INT_CONVERSION = YES;
				CLANG_WARN_NON_LITERAL_NULL_CONVERSION = YES;
				CLANG_WARN_OBJC_IMPLICIT_RETAIN_SELF = YES;
				CLANG_WARN_OBJC_LITERAL_CONVERSION = YES;
				CLANG_WARN_OBJC_ROOT_CLASS = YES_ERROR;
				CLANG_WARN_RANGE_LOOP_ANALYSIS = YES;
				CLANG_WARN_STRICT_PROTOTYPES = YES;
				CLANG_WARN_SUSPICIOUS_MOVE = YES;
				CLANG_WARN_UNGUARDED_AVAILABILITY = YES_AGGRESSIVE;
				CLANG_WARN_UNREACHABLE_CODE = YES;
				CLANG_WARN__DUPLICATE_METHOD_MATCH = YES;
				COPY_PHASE_STRIP = NO;
				DEBUG_INFORMATION_FORMAT = dwarf;
				ENABLE_STRICT_OBJC_MSGSEND = YES;
				ENABLE_TESTABILITY = YES;
				GCC_C_LANGUAGE_STANDARD = gnu11;
				GCC_DYNAMIC_NO_PIC = NO;
				GCC_NO_COMMON_BLOCKS = YES;
				GCC_OPTIMIZATION_LEVEL = 0;
				GCC_PREPROCESSOR_DEFINITIONS = (
					"DEBUG=1",
					"$(inherited)",
				);
				GCC_WARN_64_TO_32_BIT_CONVERSION = YES;
				GCC_WARN_ABOUT_RETURN_TYPE = YES_ERROR;
				GCC_WARN_UNDECLARED_SELECTOR = YES;
				GCC_WARN_UNINITIALIZED_AUTOS = YES_AGGRESSIVE;
				GCC_WARN_UNUSED_FUNCTION = YES;
				GCC_WARN_UNUSED_VARIABLE = YES;
				IPHONEOS_DEPLOYMENT_TARGET = 13.5;
				MTL_ENABLE_DEBUG_INFO = INCLUDE_SOURCE;
				MTL_FAST_MATH = YES;
				ONLY_ACTIVE_ARCH = YES;
				SDKROOT = iphoneos;
				SWIFT_ACTIVE_COMPILATION_CONDITIONS = DEBUG;
				SWIFT_OPTIMIZATION_LEVEL = "-Onone";
			};
			name = Debug;
		};
		EB9D457E2488804D001B41D1 /* Release */ = {
			isa = XCBuildConfiguration;
			buildSettings = {
				ALWAYS_SEARCH_USER_PATHS = NO;
				CLANG_ANALYZER_NONNULL = YES;
				CLANG_ANALYZER_NUMBER_OBJECT_CONVERSION = YES_AGGRESSIVE;
				CLANG_CXX_LANGUAGE_STANDARD = "gnu++14";
				CLANG_CXX_LIBRARY = "libc++";
				CLANG_ENABLE_MODULES = YES;
				CLANG_ENABLE_OBJC_ARC = YES;
				CLANG_ENABLE_OBJC_WEAK = YES;
				CLANG_WARN_BLOCK_CAPTURE_AUTORELEASING = YES;
				CLANG_WARN_BOOL_CONVERSION = YES;
				CLANG_WARN_COMMA = YES;
				CLANG_WARN_CONSTANT_CONVERSION = YES;
				CLANG_WARN_DEPRECATED_OBJC_IMPLEMENTATIONS = YES;
				CLANG_WARN_DIRECT_OBJC_ISA_USAGE = YES_ERROR;
				CLANG_WARN_DOCUMENTATION_COMMENTS = YES;
				CLANG_WARN_EMPTY_BODY = YES;
				CLANG_WARN_ENUM_CONVERSION = YES;
				CLANG_WARN_INFINITE_RECURSION = YES;
				CLANG_WARN_INT_CONVERSION = YES;
				CLANG_WARN_NON_LITERAL_NULL_CONVERSION = YES;
				CLANG_WARN_OBJC_IMPLICIT_RETAIN_SELF = YES;
				CLANG_WARN_OBJC_LITERAL_CONVERSION = YES;
				CLANG_WARN_OBJC_ROOT_CLASS = YES_ERROR;
				CLANG_WARN_RANGE_LOOP_ANALYSIS = YES;
				CLANG_WARN_STRICT_PROTOTYPES = YES;
				CLANG_WARN_SUSPICIOUS_MOVE = YES;
				CLANG_WARN_UNGUARDED_AVAILABILITY = YES_AGGRESSIVE;
				CLANG_WARN_UNREACHABLE_CODE = YES;
				CLANG_WARN__DUPLICATE_METHOD_MATCH = YES;
				COPY_PHASE_STRIP = NO;
				DEBUG_INFORMATION_FORMAT = "dwarf-with-dsym";
				ENABLE_NS_ASSERTIONS = NO;
				ENABLE_STRICT_OBJC_MSGSEND = YES;
				GCC_C_LANGUAGE_STANDARD = gnu11;
				GCC_NO_COMMON_BLOCKS = YES;
				GCC_WARN_64_TO_32_BIT_CONVERSION = YES;
				GCC_WARN_ABOUT_RETURN_TYPE = YES_ERROR;
				GCC_WARN_UNDECLARED_SELECTOR = YES;
				GCC_WARN_UNINITIALIZED_AUTOS = YES_AGGRESSIVE;
				GCC_WARN_UNUSED_FUNCTION = YES;
				GCC_WARN_UNUSED_VARIABLE = YES;
				IPHONEOS_DEPLOYMENT_TARGET = 13.5;
				MTL_ENABLE_DEBUG_INFO = NO;
				MTL_FAST_MATH = YES;
				SDKROOT = iphoneos;
				SWIFT_COMPILATION_MODE = wholemodule;
				SWIFT_OPTIMIZATION_LEVEL = "-O";
				VALIDATE_PRODUCT = YES;
			};
			name = Release;
		};
		EB9D45802488804D001B41D1 /* Debug */ = {
			isa = XCBuildConfiguration;
			buildSettings = {
				ASSETCATALOG_COMPILER_APPICON_NAME = AppIcon;
				CODE_SIGN_STYLE = Automatic;
				INFOPLIST_FILE = ClapBeat/Info.plist;
				LD_RUNPATH_SEARCH_PATHS = (
					"$(inherited)",
					"@executable_path/Frameworks",
				);
				PRODUCT_BUNDLE_IDENTIFIER = "jp.co.al-j.ClapBeat";
				PRODUCT_NAME = "$(TARGET_NAME)";
				SWIFT_VERSION = 5.0;
				TARGETED_DEVICE_FAMILY = "1,2";
			};
			name = Debug;
		};
		EB9D45812488804D001B41D1 /* Release */ = {
			isa = XCBuildConfiguration;
			buildSettings = {
				ASSETCATALOG_COMPILER_APPICON_NAME = AppIcon;
				CODE_SIGN_STYLE = Automatic;
				INFOPLIST_FILE = ClapBeat/Info.plist;
				LD_RUNPATH_SEARCH_PATHS = (
					"$(inherited)",
					"@executable_path/Frameworks",
				);
				PRODUCT_BUNDLE_IDENTIFIER = "jp.co.al-j.ClapBeat";
				PRODUCT_NAME = "$(TARGET_NAME)";
				SWIFT_VERSION = 5.0;
				TARGETED_DEVICE_FAMILY = "1,2";
			};
			name = Release;
		};
/* End XCBuildConfiguration section */

/* Begin XCConfigurationList section */
		EB9D456624888045001B41D1 /* Build configuration list for PBXProject "ClapBeat" */ = {
			isa = XCConfigurationList;
			buildConfigurations = (
				EB9D457D2488804D001B41D1 /* Debug */,
				EB9D457E2488804D001B41D1 /* Release */,
			);
			defaultConfigurationIsVisible = 0;
			defaultConfigurationName = Release;
		};
		EB9D457F2488804D001B41D1 /* Build configuration list for PBXNativeTarget "ClapBeat" */ = {
			isa = XCConfigurationList;
			buildConfigurations = (
				EB9D45802488804D001B41D1 /* Debug */,
				EB9D45812488804D001B41D1 /* Release */,
			);
			defaultConfigurationIsVisible = 0;
			defaultConfigurationName = Release;
		};
/* End XCConfigurationList section */
	};
	rootObject = EB9D456324888045001B41D1 /* Project object */;
}
